{
  "name": "CoolRefs",
  "lockfileVersion": 3,
  "requires": true,
  "packages": {
    "": {
      "dependencies": {
        "chrome-types": "^0.1.185"
      }
    },
    "node_modules/chrome-types": {
      "version": "0.1.185",
      "resolved": "https://registry.npmjs.org/chrome-types/-/chrome-types-0.1.185.tgz",
      "integrity": "sha512-S+n7VftaNqARdzO+nKpj8HU+02SbO49SOXUg1ENAoIJaIv42CPAC9rNm4Bc7OyK5KMH2Q+XDZJdUwWNNU1urWQ=="
    }
  }
}
